
Microsoft Visual Studio Solution File, Format Version 12.00
# Visual Studio 14
VisualStudioVersion = 14.0.24720.0
MinimumVisualStudioVersion = 10.0.40219.1
Project("{FAE04EC0-301F-11D3-BF4B-00C04F79EFBC}") = "Dominoes.AI", "Dominoes.AI\Dominoes.AI.csproj", "{C532930A-DBE9-498B-82A7-643A05FE7CA5}"
EndProject
Project("{FAE04EC0-301F-11D3-BF4B-00C04F79EFBC}") = "Dominoes.GUI", "Dominoes.GUI\Dominoes.GUI.csproj", "{96C4C5FC-5882-481F-9681-229049B6E969}"
EndProject
Project("{FAE04EC0-301F-11D3-BF4B-00C04F79EFBC}") = "Dominoes.DB", "Dominoes.DB\Dominoes.DB.csproj", "{542BD0BF-A520-4C7C-BEBF-4B94436CC70B}"
EndProject
Project("{FAE04EC0-301F-11D3-BF4B-00C04F79EFBC}") = "Dominoes.UnitTests", "Dominoes.UnitTests\Dominoes.UnitTests.csproj", "{755A8838-7920-4CE2-AF43-9B24F9417691}"
EndProject
Global
	GlobalSection(SolutionConfigurationPlatforms) = preSolution
		Debug|Any CPU = Debug|Any CPU
		Debug|ARM = Debug|ARM
		Debug|x64 = Debug|x64
		Debug|x86 = Debug|x86
		Release|Any CPU = Release|Any CPU
		Release|ARM = Release|ARM
		Release|x64 = Release|x64
		Release|x86 = Release|x86
	EndGlobalSection
	GlobalSection(ProjectConfigurationPlatforms) = postSolution
		{C532930A-DBE9-498B-82A7-643A05FE7CA5}.Debug|Any CPU.ActiveCfg = Debug|Any CPU
		{C532930A-DBE9-498B-82A7-643A05FE7CA5}.Debug|Any CPU.Build.0 = Debug|Any CPU
		{C532930A-DBE9-498B-82A7-643A05FE7CA5}.Debug|ARM.ActiveCfg = Debug|Any CPU
		{C532930A-DBE9-498B-82A7-643A05FE7CA5}.Debug|ARM.Build.0 = Debug|Any CPU
		{C532930A-DBE9-498B-82A7-643A05FE7CA5}.Debug|x64.ActiveCfg = Debug|Any CPU
		{C532930A-DBE9-498B-82A7-643A05FE7CA5}.Debug|x64.Build.0 = Debug|Any CPU
		{C532930A-DBE9-498B-82A7-643A05FE7CA5}.Debug|x86.ActiveCfg = Debug|Any CPU
		{C532930A-DBE9-498B-82A7-643A05FE7CA5}.Debug|x86.Build.0 = Debug|Any CPU
		{C532930A-DBE9-498B-82A7-643A05FE7CA5}.Release|Any CPU.ActiveCfg = Release|Any CPU
		{C532930A-DBE9-498B-82A7-643A05FE7CA5}.Release|Any CPU.Build.0 = Release|Any CPU
		{C532930A-DBE9-498B-82A7-643A05FE7CA5}.Release|ARM.ActiveCfg = Release|Any CPU
		{C532930A-DBE9-498B-82A7-643A05FE7CA5}.Release|ARM.Build.0 = Release|Any CPU
		{C532930A-DBE9-498B-82A7-643A05FE7CA5}.Release|x64.ActiveCfg = Release|Any CPU
		{C532930A-DBE9-498B-82A7-643A05FE7CA5}.Release|x64.Build.0 = Release|Any CPU
		{C532930A-DBE9-498B-82A7-643A05FE7CA5}.Release|x86.ActiveCfg = Release|Any CPU
		{C532930A-DBE9-498B-82A7-643A05FE7CA5}.Release|x86.Build.0 = Release|Any CPU
		{96C4C5FC-5882-481F-9681-229049B6E969}.Debug|Any CPU.ActiveCfg = Debug|Any CPU
		{96C4C5FC-5882-481F-9681-229049B6E969}.Debug|Any CPU.Build.0 = Debug|Any CPU
		{96C4C5FC-5882-481F-9681-229049B6E969}.Debug|ARM.ActiveCfg = Debug|Any CPU
		{96C4C5FC-5882-481F-9681-229049B6E969}.Debug|ARM.Build.0 = Debug|Any CPU
		{96C4C5FC-5882-481F-9681-229049B6E969}.Debug|x64.ActiveCfg = Debug|Any CPU
		{96C4C5FC-5882-481F-9681-229049B6E969}.Debug|x64.Build.0 = Debug|Any CPU
		{96C4C5FC-5882-481F-9681-229049B6E969}.Debug|x86.ActiveCfg = Debug|Any CPU
		{96C4C5FC-5882-481F-9681-229049B6E969}.Debug|x86.Build.0 = Debug|Any CPU
		{96C4C5FC-5882-481F-9681-229049B6E969}.Release|Any CPU.ActiveCfg = Release|Any CPU
		{96C4C5FC-5882-481F-9681-229049B6E969}.Release|Any CPU.Build.0 = Release|Any CPU
		{96C4C5FC-5882-481F-9681-229049B6E969}.Release|ARM.ActiveCfg = Release|Any CPU
		{96C4C5FC-5882-481F-9681-229049B6E969}.Release|ARM.Build.0 = Release|Any CPU
		{96C4C5FC-5882-481F-9681-229049B6E969}.Release|x64.ActiveCfg = Release|Any CPU
		{96C4C5FC-5882-481F-9681-229049B6E969}.Release|x64.Build.0 = Release|Any CPU
		{96C4C5FC-5882-481F-9681-229049B6E969}.Release|x86.ActiveCfg = Release|Any CPU
		{96C4C5FC-5882-481F-9681-229049B6E969}.Release|x86.Build.0 = Release|Any CPU
		{542BD0BF-A520-4C7C-BEBF-4B94436CC70B}.Debug|Any CPU.ActiveCfg = Debug|Any CPU
		{542BD0BF-A520-4C7C-BEBF-4B94436CC70B}.Debug|Any CPU.Build.0 = Debug|Any CPU
		{542BD0BF-A520-4C7C-BEBF-4B94436CC70B}.Debug|ARM.ActiveCfg = Debug|Any CPU
		{542BD0BF-A520-4C7C-BEBF-4B94436CC70B}.Debug|ARM.Build.0 = Debug|Any CPU
		{542BD0BF-A520-4C7C-BEBF-4B94436CC70B}.Debug|x64.ActiveCfg = Debug|Any CPU
		{542BD0BF-A520-4C7C-BEBF-4B94436CC70B}.Debug|x64.Build.0 = Debug|Any CPU
		{542BD0BF-A520-4C7C-BEBF-4B94436CC70B}.Debug|x86.ActiveCfg = Debug|Any CPU
		{542BD0BF-A520-4C7C-BEBF-4B94436CC70B}.Debug|x86.Build.0 = Debug|Any CPU
		{542BD0BF-A520-4C7C-BEBF-4B94436CC70B}.Release|Any CPU.ActiveCfg = Release|Any CPU
		{542BD0BF-A520-4C7C-BEBF-4B94436CC70B}.Release|Any CPU.Build.0 = Release|Any CPU
		{542BD0BF-A520-4C7C-BEBF-4B94436CC70B}.Release|ARM.ActiveCfg = Release|Any CPU
		{542BD0BF-A520-4C7C-BEBF-4B94436CC70B}.Release|ARM.Build.0 = Release|Any CPU
		{542BD0BF-A520-4C7C-BEBF-4B94436CC70B}.Release|x64.ActiveCfg = Release|Any CPU
		{542BD0BF-A520-4C7C-BEBF-4B94436CC70B}.Release|x64.Build.0 = Release|Any CPU
		{542BD0BF-A520-4C7C-BEBF-4B94436CC70B}.Release|x86.ActiveCfg = Release|Any CPU
		{542BD0BF-A520-4C7C-BEBF-4B94436CC70B}.Release|x86.Build.0 = Release|Any CPU
		{755A8838-7920-4CE2-AF43-9B24F9417691}.Debug|Any CPU.ActiveCfg = Debug|Any CPU
		{755A8838-7920-4CE2-AF43-9B24F9417691}.Debug|Any CPU.Build.0 = Debug|Any CPU
		{755A8838-7920-4CE2-AF43-9B24F9417691}.Debug|ARM.ActiveCfg = Debug|Any CPU
		{755A8838-7920-4CE2-AF43-9B24F9417691}.Debug|ARM.Build.0 = Debug|Any CPU
		{755A8838-7920-4CE2-AF43-9B24F9417691}.Debug|x64.ActiveCfg = Debug|Any CPU
		{755A8838-7920-4CE2-AF43-9B24F9417691}.Debug|x64.Build.0 = Debug|Any CPU
		{755A8838-7920-4CE2-AF43-9B24F9417691}.Debug|x86.ActiveCfg = Debug|Any CPU
		{755A8838-7920-4CE2-AF43-9B24F9417691}.Debug|x86.Build.0 = Debug|Any CPU
		{755A8838-7920-4CE2-AF43-9B24F9417691}.Release|Any CPU.ActiveCfg = Release|Any CPU
		{755A8838-7920-4CE2-AF43-9B24F9417691}.Release|Any CPU.Build.0 = Release|Any CPU
		{755A8838-7920-4CE2-AF43-9B24F9417691}.Release|ARM.ActiveCfg = Release|Any CPU
		{755A8838-7920-4CE2-AF43-9B24F9417691}.Release|ARM.Build.0 = Release|Any CPU
		{755A8838-7920-4CE2-AF43-9B24F9417691}.Release|x64.ActiveCfg = Release|Any CPU
		{755A8838-7920-4CE2-AF43-9B24F9417691}.Release|x64.Build.0 = Release|Any CPU
		{755A8838-7920-4CE2-AF43-9B24F9417691}.Release|x86.ActiveCfg = Release|Any CPU
		{755A8838-7920-4CE2-AF43-9B24F9417691}.Release|x86.Build.0 = Release|Any CPU
	EndGlobalSection
	GlobalSection(SolutionProperties) = preSolution
		HideSolutionNode = FALSE
	EndGlobalSection
EndGlobal
